// !$*UTF8*$!
{
	archiveVersion = 1;
	classes = {
	};
	objectVersion = 48;
	objects = {

/* Begin PBXBuildFile section */
		95B8CA2B2023E24900B19FE1 /* AppDelegate.swift in Sources */ = {isa = PBXBuildFile; fileRef = 95B8CA2A2023E24900B19FE1 /* AppDelegate.swift */; };
		95B8CA2D2023E24A00B19FE1 /* art.scnassets in Resources */ = {isa = PBXBuildFile; fileRef = 95B8CA2C2023E24A00B19FE1 /* art.scnassets */; };
		95B8CA2F2023E24A00B19FE1 /* ViewController.swift in Sources */ = {isa = PBXBuildFile; fileRef = 95B8CA2E2023E24A00B19FE1 /* ViewController.swift */; };
		95B8CA322023E24A00B19FE1 /* Main.storyboard in Resources */ = {isa = PBXBuildFile; fileRef = 95B8CA302023E24A00B19FE1 /* Main.storyboard */; };
		95B8CA342023E24A00B19FE1 /* Assets.xcassets in Resources */ = {isa = PBXBuildFile; fileRef = 95B8CA332023E24A00B19FE1 /* Assets.xcassets */; };
		95B8CA372023E24A00B19FE1 /* LaunchScreen.storyboard in Resources */ = {isa = PBXBuildFile; fileRef = 95B8CA352023E24A00B19FE1 /* LaunchScreen.storyboard */; };
/* End PBXBuildFile section */

/* Begin PBXFileReference section */
		95B8CA272023E24900B19FE1 /* AR-Measurement-Fun.app */ = {isa = PBXFileReference; explicitFileType = wrapper.application; includeInIndex = 0; path = "AR-Measurement-Fun.app"; sourceTree = BUILT_PRODUCTS_DIR; };
		95B8CA2A2023E24900B19FE1 /* AppDelegate.swift */ = {isa = PBXFileReference; lastKnownFileType = sourcecode.swift; path = AppDelegate.swift; sourceTree = "<group>"; };
		95B8CA2C2023E24A00B19FE1 /* art.scnassets */ = {isa = PBXFileReference; lastKnownFileType = wrapper.scnassets; path = art.scnassets; sourceTree = "<group>"; };
		95B8CA2E2023E24A00B19FE1 /* ViewController.swift */ = {isa = PBXFileReference; lastKnownFileType = sourcecode.swift; path = ViewController.swift; sourceTree = "<group>"; };
		95B8CA312023E24A00B19FE1 /* Base */ = {isa = PBXFileReference; lastKnownFileType = file.storyboard; name = Base; path = Base.lproj/Main.storyboard; sourceTree = "<group>"; };
		95B8CA332023E24A00B19FE1 /* Assets.xcassets */ = {isa = PBXFileReference; lastKnownFileType = folder.assetcatalog; path = Assets.xcassets; sourceTree = "<group>"; };
		95B8CA362023E24A00B19FE1 /* Base */ = {isa = PBXFileReference; lastKnownFileType = file.storyboard; name = Base; path = Base.lproj/LaunchScreen.storyboard; sourceTree = "<group>"; };
		95B8CA382023E24A00B19FE1 /* Info.plist */ = {isa = PBXFileReference; lastKnownFileType = text.plist.xml; path = Info.plist; sourceTree = "<group>"; };
/* End PBXFileReference section */

/* Begin PBXFrameworksBuildPhase section */
		95B8CA242023E24900B19FE1 /* Frameworks */ = {
			isa = PBXFrameworksBuildPhase;
			buildActionMask = 2147483647;
			files = (
			);
			runOnlyForDeploymentPostprocessing = 0;
		};
/* End PBXFrameworksBuildPhase section */

/* Begin PBXGroup section */
		95B8CA1E2023E24900B19FE1 = {
			isa = PBXGroup;
			children = (
				95B8CA292023E24900B19FE1 /* AR-Measurement-Fun */,
				95B8CA282023E24900B19FE1 /* Products */,
			);
			sourceTree = "<group>";
		};
		95B8CA282023E24900B19FE1 /* Products */ = {
			isa = PBXGroup;
			children = (
				95B8CA272023E24900B19FE1 /* AR-Measurement-Fun.app */,
			);
			name = Products;
			sourceTree = "<group>";
		};
		95B8CA292023E24900B19FE1 /* AR-Measurement-Fun */ = {
			isa = PBXGroup;
			children = (
				95B8CA2A2023E24900B19FE1 /* AppDelegate.swift */,
				95B8CA2C2023E24A00B19FE1 /* art.scnassets */,
				95B8CA2E2023E24A00B19FE1 /* ViewController.swift */,
				95B8CA302023E24A00B19FE1 /* Main.storyboard */,
				95B8CA332023E24A00B19FE1 /* Assets.xcassets */,
				95B8CA352023E24A00B19FE1 /* LaunchScreen.storyboard */,
				95B8CA382023E24A00B19FE1 /* Info.plist */,
			);
			path = "AR-Measurement-Fun";
			sourceTree = "<group>";
		};
/* End PBXGroup section */

/* Begin PBXNativeTarget section */
		95B8CA262023E24900B19FE1 /* AR-Measurement-Fun */ = {
			isa = PBXNativeTarget;
			buildConfigurationList = 95B8CA3B2023E24A00B19FE1 /* Build configuration list for PBXNativeTarget "AR-Measurement-Fun" */;
			buildPhases = (
				95B8CA232023E24900B19FE1 /* Sources */,
				95B8CA242023E24900B19FE1 /* Frameworks */,
				95B8CA252023E24900B19FE1 /* Resources */,
			);
			buildRules = (
			);
			dependencies = (
			);
			name = "AR-Measurement-Fun";
			productName = "AR-Measurement-Fun";
			productReference = 95B8CA272023E24900B19FE1 /* AR-Measurement-Fun.app */;
			productType = "com.apple.product-type.application";
		};
/* End PBXNativeTarget section */

/* Begin PBXProject section */
		95B8CA1F2023E24900B19FE1 /* Project object */ = {
			isa = PBXProject;
			attributes = {
				LastSwiftUpdateCheck = 0920;
				LastUpgradeCheck = 0920;
				ORGANIZATIONNAME = Resin;
				TargetAttributes = {
					95B8CA262023E24900B19FE1 = {
						CreatedOnToolsVersion = 9.2;
						ProvisioningStyle = Automatic;
					};
				};
			};
			buildConfigurationList = 95B8CA222023E24900B19FE1 /* Build configuration list for PBXProject "AR-Measurement-Fun" */;
			compatibilityVersion = "Xcode 8.0";
			developmentRegion = en;
			hasScannedForEncodings = 0;
			knownRegions = (
				en,
				Base,
			);
			mainGroup = 95B8CA1E2023E24900B19FE1;
			productRefGroup = 95B8CA282023E24900B19FE1 /* Products */;
			projectDirPath = "";
			projectRoot = "";
			targets = (
				95B8CA262023E24900B19FE1 /* AR-Measurement-Fun */,
			);
		};
/* End PBXProject section */

/* Begin PBXResourcesBuildPhase section */
		95B8CA252023E24900B19FE1 /* Resources */ = {
			isa = PBXResourcesBuildPhase;
			buildActionMask = 2147483647;
			files = (
				95B8CA2D2023E24A00B19FE1 /* art.scnassets in Resources */,
				95B8CA372023E24A00B19FE1 /* LaunchScreen.storyboard in Resources */,
				95B8CA342023E24A00B19FE1 /* Assets.xcassets in Resources */,
				95B8CA322023E24A00B19FE1 /* Main.storyboard in Resources */,
			);
			runOnlyForDeploymentPostprocessing = 0;
		};
/* End PBXResourcesBuildPhase section */

/* Begin PBXSourcesBuildPhase section */
		95B8CA232023E24900B19FE1 /* Sources */ = {
			isa = PBXSourcesBuildPhase;
			buildActionMask = 2147483647;
			files = (
				95B8CA2F2023E24A00B19FE1 /* ViewController.swift in Sources */,
				95B8CA2B2023E24900B19FE1 /* AppDelegate.swift in Sources */,
			);
			runOnlyForDeploymentPostprocessing = 0;
		};
/* End PBXSourcesBuildPhase section */

/* Begin PBXVariantGroup section */
		95B8CA302023E24A00B19FE1 /* Main.storyboard */ = {
			isa = PBXVariantGroup;
			children = (
				95B8CA312023E24A00B19FE1 /* Base */,
			);
			name = Main.storyboard;
			sourceTree = "<group>";
		};
		95B8CA352023E24A00B19FE1 /* LaunchScreen.storyboard */ = {
			isa = PBXVariantGroup;
			children = (
				95B8CA362023E24A00B19FE1 /* Base */,
			);
			name = LaunchScreen.storyboard;
			sourceTree = "<group>";
		};
/* End PBXVariantGroup section */

/* Begin XCBuildConfiguration section */
		95B8CA392023E24A00B19FE1 /* Debug */ = {
			isa = XCBuildConfiguration;
			buildSettings = {
				ALWAYS_SEARCH_USER_PATHS = NO;
				CLANG_ANALYZER_NONNULL = YES;
				CLANG_ANALYZER_NUMBER_OBJECT_CONVERSION = YES_AGGRESSIVE;
				CLANG_CXX_LANGUAGE_STANDARD = "gnu++14";
				CLANG_CXX_LIBRARY = "libc++";
				CLANG_ENABLE_MODULES = YES;
				CLANG_ENABLE_OBJC_ARC = YES;
				CLANG_WARN_BLOCK_CAPTURE_AUTORELEASING = YES;
				CLANG_WARN_BOOL_CONVERSION = YES;
				CLANG_WARN_COMMA = YES;
				CLANG_WARN_CONSTANT_CONVERSION = YES;
				CLANG_WARN_DIRECT_OBJC_ISA_USAGE = YES_ERROR;
				CLANG_WARN_DOCUMENTATION_COMMENTS = YES;
				CLANG_WARN_EMPTY_BODY = YES;
				CLANG_WARN_ENUM_CONVERSION = YES;
				CLANG_WARN_INFINITE_RECURSION = YES;
				CLANG_WARN_INT_CONVERSION = YES;
				CLANG_WARN_NON_LITERAL_NULL_CONVERSION = YES;
				CLANG_WARN_OBJC_LITERAL_CONVERSION = YES;
				CLANG_WARN_OBJC_ROOT_CLASS = YES_ERROR;
				CLANG_WARN_RANGE_LOOP_ANALYSIS = YES;
				CLANG_WARN_STRICT_PROTOTYPES = YES;
				CLANG_WARN_SUSPICIOUS_MOVE = YES;
				CLANG_WARN_UNGUARDED_AVAILABILITY = YES_AGGRESSIVE;
				CLANG_WARN_UNREACHABLE_CODE = YES;
				CLANG_WARN__DUPLICATE_METHOD_MATCH = YES;
				CODE_SIGN_IDENTITY = "iPhone Developer";
				COPY_PHASE_STRIP = NO;
				DEBUG_INFORMATION_FORMAT = dwarf;
				ENABLE_STRICT_OBJC_MSGSEND = YES;
				ENABLE_TESTABILITY = YES;
				GCC_C_LANGUAGE_STANDARD = gnu11;
				GCC_DYNAMIC_NO_PIC = NO;
				GCC_NO_COMMON_BLOCKS = YES;
				GCC_OPTIMIZATION_LEVEL = 0;
				GCC_PREPROCESSOR_DEFINITIONS = (
					"DEBUG=1",
					"$(inherited)",
				);
				GCC_WARN_64_TO_32_BIT_CONVERSION = YES;
				GCC_WARN_ABOUT_RETURN_TYPE = YES_ERROR;
				GCC_WARN_UNDECLARED_SELECTOR = YES;
				GCC_WARN_UNINITIALIZED_AUTOS = YES_AGGRESSIVE;
				GCC_WARN_UNUSED_FUNCTION = YES;
				GCC_WARN_UNUSED_VARIABLE = YES;
				IPHONEOS_DEPLOYMENT_TARGET = 11.2;
				MTL_ENABLE_DEBUG_INFO = YES;
				ONLY_ACTIVE_ARCH = YES;
				SDKROOT = iphoneos;
				SWIFT_ACTIVE_COMPILATION_CONDITIONS = DEBUG;
				SWIFT_OPTIMIZATION_LEVEL = "-Onone";
			};
			name = Debug;
		};
		95B8CA3A2023E24A00B19FE1 /* Release */ = {
			isa = XCBuildConfiguration;
			buildSettings = {
				ALWAYS_SEARCH_USER_PATHS = NO;
				CLANG_ANALYZER_NONNULL = YES;
				CLANG_ANALYZER_NUMBER_OBJECT_CONVERSION = YES_AGGRESSIVE;
				CLANG_CXX_LANGUAGE_STANDARD = "gnu++14";
				CLANG_CXX_LIBRARY = "libc++";
				CLANG_ENABLE_MODULES = YES;
				CLANG_ENABLE_OBJC_ARC = YES;
				CLANG_WARN_BLOCK_CAPTURE_AUTORELEASING = YES;
				CLANG_WARN_BOOL_CONVERSION = YES;
				CLANG_WARN_COMMA = YES;
				CLANG_WARN_CONSTANT_CONVERSION = YES;
				CLANG_WARN_DIRECT_OBJC_ISA_USAGE = YES_ERROR;
				CLANG_WARN_DOCUMENTATION_COMMENTS = YES;
				CLANG_WARN_EMPTY_BODY = YES;
				CLANG_WARN_ENUM_CONVERSION = YES;
				CLANG_WARN_INFINITE_RECURSION = YES;
				CLANG_WARN_INT_CONVERSION = YES;
				CLANG_WARN_NON_LITERAL_NULL_CONVERSION = YES;
				CLANG_WARN_OBJC_LITERAL_CONVERSION = YES;
				CLANG_WARN_OBJC_ROOT_CLASS = YES_ERROR;
				CLANG_WARN_RANGE_LOOP_ANALYSIS = YES;
				CLANG_WARN_STRICT_PROTOTYPES = YES;
				CLANG_WARN_SUSPICIOUS_MOVE = YES;
				CLANG_WARN_UNGUARDED_AVAILABILITY = YES_AGGRESSIVE;
				CLANG_WARN_UNREACHABLE_CODE = YES;
				CLANG_WARN__DUPLICATE_METHOD_MATCH = YES;
				CODE_SIGN_IDENTITY = "iPhone Developer";
				COPY_PHASE_STRIP = NO;
				DEBUG_INFORMATION_FORMAT = "dwarf-with-dsym";
				ENABLE_NS_ASSERTIONS = NO;
				ENABLE_STRICT_OBJC_MSGSEND = YES;
				GCC_C_LANGUAGE_STANDARD = gnu11;
				GCC_NO_COMMON_BLOCKS = YES;
				GCC_WARN_64_TO_32_BIT_CONVERSION = YES;
				GCC_WARN_ABOUT_RETURN_TYPE = YES_ERROR;
				GCC_WARN_UNDECLARED_SELECTOR = YES;
				GCC_WARN_UNINITIALIZED_AUTOS = YES_AGGRESSIVE;
				GCC_WARN_UNUSED_FUNCTION = YES;
				GCC_WARN_UNUSED_VARIABLE = YES;
				IPHONEOS_DEPLOYMENT_TARGET = 11.2;
				MTL_ENABLE_DEBUG_INFO = NO;
				SDKROOT = iphoneos;
				SWIFT_OPTIMIZATION_LEVEL = "-Owholemodule";
				VALIDATE_PRODUCT = YES;
			};
			name = Release;
		};
		95B8CA3C2023E24A00B19FE1 /* Debug */ = {
			isa = XCBuildConfiguration;
			buildSettings = {
				ASSETCATALOG_COMPILER_APPICON_NAME = AppIcon;
				CODE_SIGN_STYLE = Automatic;
				DEVELOPMENT_TEAM = QTHY8KCPHS;
				INFOPLIST_FILE = "AR-Measurement-Fun/Info.plist";
				LD_RUNPATH_SEARCH_PATHS = "$(inherited) @executable_path/Frameworks";
				PRODUCT_BUNDLE_IDENTIFIER = "com.tone-sdevelopment.AR-Measurement-Fun";
				PRODUCT_NAME = "$(TARGET_NAME)";
				SWIFT_VERSION = 4.0;
				TARGETED_DEVICE_FAMILY = "1,2";
			};
			name = Debug;
		};
		95B8CA3D2023E24A00B19FE1 /* Release */ = {
			isa = XCBuildConfiguration;
			buildSettings = {
				ASSETCATALOG_COMPILER_APPICON_NAME = AppIcon;
				CODE_SIGN_STYLE = Automatic;
				DEVELOPMENT_TEAM = QTHY8KCPHS;
				INFOPLIST_FILE = "AR-Measurement-Fun/Info.plist";
				LD_RUNPATH_SEARCH_PATHS = "$(inherited) @executable_path/Frameworks";
				PRODUCT_BUNDLE_IDENTIFIER = "com.tone-sdevelopment.AR-Measurement-Fun";
				PRODUCT_NAME = "$(TARGET_NAME)";
				SWIFT_VERSION = 4.0;
				TARGETED_DEVICE_FAMILY = "1,2";
			};
			name = Release;
		};
/* End XCBuildConfiguration section */

/* Begin XCConfigurationList section */
		95B8CA222023E24900B19FE1 /* Build configuration list for PBXProject "AR-Measurement-Fun" */ = {
			isa = XCConfigurationList;
			buildConfigurations = (
				95B8CA392023E24A00B19FE1 /* Debug */,
				95B8CA3A2023E24A00B19FE1 /* Release */,
			);
			defaultConfigurationIsVisible = 0;
			defaultConfigurationName = Release;
		};
		95B8CA3B2023E24A00B19FE1 /* Build configuration list for PBXNativeTarget "AR-Measurement-Fun" */ = {
			isa = XCConfigurationList;
			buildConfigurations = (
				95B8CA3C2023E24A00B19FE1 /* Debug */,
				95B8CA3D2023E24A00B19FE1 /* Release */,
			);
			defaultConfigurationIsVisible = 0;
			defaultConfigurationName = Release;
		};
/* End XCConfigurationList section */
	};
	rootObject = 95B8CA1F2023E24900B19FE1 /* Project object */;
}
