// !$*UTF8*$!
{
	archiveVersion = 1;
	classes = {
	};
	objectVersion = 48;
	objects = {

/* Begin PBXBuildFile section */
		954A477D1FFC70DF00E2887A /* AppDelegate.swift in Sources */ = {isa = PBXBuildFile; fileRef = 954A477C1FFC70DF00E2887A /* AppDelegate.swift */; };
		954A47801FFC70DF00E2887A /* Blog_Reader.xcdatamodeld in Sources */ = {isa = PBXBuildFile; fileRef = 954A477E1FFC70DF00E2887A /* Blog_Reader.xcdatamodeld */; };
		954A47821FFC70DF00E2887A /* MasterViewController.swift in Sources */ = {isa = PBXBuildFile; fileRef = 954A47811FFC70DF00E2887A /* MasterViewController.swift */; };
		954A47841FFC70DF00E2887A /* DetailViewController.swift in Sources */ = {isa = PBXBuildFile; fileRef = 954A47831FFC70DF00E2887A /* DetailViewController.swift */; };
		954A47871FFC70DF00E2887A /* Main.storyboard in Resources */ = {isa = PBXBuildFile; fileRef = 954A47851FFC70DF00E2887A /* Main.storyboard */; };
		954A47891FFC70DF00E2887A /* Assets.xcassets in Resources */ = {isa = PBXBuildFile; fileRef = 954A47881FFC70DF00E2887A /* Assets.xcassets */; };
		954A478C1FFC70DF00E2887A /* LaunchScreen.storyboard in Resources */ = {isa = PBXBuildFile; fileRef = 954A478A1FFC70DF00E2887A /* LaunchScreen.storyboard */; };
/* End PBXBuildFile section */

/* Begin PBXFileReference section */
		954A47791FFC70DF00E2887A /* Blog-Reader.app */ = {isa = PBXFileReference; explicitFileType = wrapper.application; includeInIndex = 0; path = "Blog-Reader.app"; sourceTree = BUILT_PRODUCTS_DIR; };
		954A477C1FFC70DF00E2887A /* AppDelegate.swift */ = {isa = PBXFileReference; lastKnownFileType = sourcecode.swift; path = AppDelegate.swift; sourceTree = "<group>"; };
		954A477F1FFC70DF00E2887A /* Blog_Reader.xcdatamodel */ = {isa = PBXFileReference; lastKnownFileType = wrapper.xcdatamodel; path = Blog_Reader.xcdatamodel; sourceTree = "<group>"; };
		954A47811FFC70DF00E2887A /* MasterViewController.swift */ = {isa = PBXFileReference; lastKnownFileType = sourcecode.swift; path = MasterViewController.swift; sourceTree = "<group>"; };
		954A47831FFC70DF00E2887A /* DetailViewController.swift */ = {isa = PBXFileReference; lastKnownFileType = sourcecode.swift; path = DetailViewController.swift; sourceTree = "<group>"; };
		954A47861FFC70DF00E2887A /* Base */ = {isa = PBXFileReference; lastKnownFileType = file.storyboard; name = Base; path = Base.lproj/Main.storyboard; sourceTree = "<group>"; };
		954A47881FFC70DF00E2887A /* Assets.xcassets */ = {isa = PBXFileReference; lastKnownFileType = folder.assetcatalog; path = Assets.xcassets; sourceTree = "<group>"; };
		954A478B1FFC70DF00E2887A /* Base */ = {isa = PBXFileReference; lastKnownFileType = file.storyboard; name = Base; path = Base.lproj/LaunchScreen.storyboard; sourceTree = "<group>"; };
		954A478D1FFC70DF00E2887A /* Info.plist */ = {isa = PBXFileReference; lastKnownFileType = text.plist.xml; path = Info.plist; sourceTree = "<group>"; };
/* End PBXFileReference section */

/* Begin PBXFrameworksBuildPhase section */
		954A47761FFC70DF00E2887A /* Frameworks */ = {
			isa = PBXFrameworksBuildPhase;
			buildActionMask = 2147483647;
			files = (
			);
			runOnlyForDeploymentPostprocessing = 0;
		};
/* End PBXFrameworksBuildPhase section */

/* Begin PBXGroup section */
		954A47701FFC70DF00E2887A = {
			isa = PBXGroup;
			children = (
				954A477B1FFC70DF00E2887A /* Blog-Reader */,
				954A477A1FFC70DF00E2887A /* Products */,
			);
			sourceTree = "<group>";
		};
		954A477A1FFC70DF00E2887A /* Products */ = {
			isa = PBXGroup;
			children = (
				954A47791FFC70DF00E2887A /* Blog-Reader.app */,
			);
			name = Products;
			sourceTree = "<group>";
		};
		954A477B1FFC70DF00E2887A /* Blog-Reader */ = {
			isa = PBXGroup;
			children = (
				954A477C1FFC70DF00E2887A /* AppDelegate.swift */,
				954A47811FFC70DF00E2887A /* MasterViewController.swift */,
				954A47831FFC70DF00E2887A /* DetailViewController.swift */,
				954A47851FFC70DF00E2887A /* Main.storyboard */,
				954A47881FFC70DF00E2887A /* Assets.xcassets */,
				954A478A1FFC70DF00E2887A /* LaunchScreen.storyboard */,
				954A478D1FFC70DF00E2887A /* Info.plist */,
				954A477E1FFC70DF00E2887A /* Blog_Reader.xcdatamodeld */,
			);
			path = "Blog-Reader";
			sourceTree = "<group>";
		};
/* End PBXGroup section */

/* Begin PBXNativeTarget section */
		954A47781FFC70DF00E2887A /* Blog-Reader */ = {
			isa = PBXNativeTarget;
			buildConfigurationList = 954A47901FFC70DF00E2887A /* Build configuration list for PBXNativeTarget "Blog-Reader" */;
			buildPhases = (
				954A47751FFC70DF00E2887A /* Sources */,
				954A47761FFC70DF00E2887A /* Frameworks */,
				954A47771FFC70DF00E2887A /* Resources */,
			);
			buildRules = (
			);
			dependencies = (
			);
			name = "Blog-Reader";
			productName = "Blog-Reader";
			productReference = 954A47791FFC70DF00E2887A /* Blog-Reader.app */;
			productType = "com.apple.product-type.application";
		};
/* End PBXNativeTarget section */

/* Begin PBXProject section */
		954A47711FFC70DF00E2887A /* Project object */ = {
			isa = PBXProject;
			attributes = {
				LastSwiftUpdateCheck = 0910;
				LastUpgradeCheck = 0910;
				ORGANIZATIONNAME = Resin;
				TargetAttributes = {
					954A47781FFC70DF00E2887A = {
						CreatedOnToolsVersion = 9.1;
						ProvisioningStyle = Automatic;
					};
				};
			};
			buildConfigurationList = 954A47741FFC70DF00E2887A /* Build configuration list for PBXProject "Blog-Reader" */;
			compatibilityVersion = "Xcode 8.0";
			developmentRegion = en;
			hasScannedForEncodings = 0;
			knownRegions = (
				en,
				Base,
			);
			mainGroup = 954A47701FFC70DF00E2887A;
			productRefGroup = 954A477A1FFC70DF00E2887A /* Products */;
			projectDirPath = "";
			projectRoot = "";
			targets = (
				954A47781FFC70DF00E2887A /* Blog-Reader */,
			);
		};
/* End PBXProject section */

/* Begin PBXResourcesBuildPhase section */
		954A47771FFC70DF00E2887A /* Resources */ = {
			isa = PBXResourcesBuildPhase;
			buildActionMask = 2147483647;
			files = (
				954A478C1FFC70DF00E2887A /* LaunchScreen.storyboard in Resources */,
				954A47891FFC70DF00E2887A /* Assets.xcassets in Resources */,
				954A47871FFC70DF00E2887A /* Main.storyboard in Resources */,
			);
			runOnlyForDeploymentPostprocessing = 0;
		};
/* End PBXResourcesBuildPhase section */

/* Begin PBXSourcesBuildPhase section */
		954A47751FFC70DF00E2887A /* Sources */ = {
			isa = PBXSourcesBuildPhase;
			buildActionMask = 2147483647;
			files = (
				954A47801FFC70DF00E2887A /* Blog_Reader.xcdatamodeld in Sources */,
				954A477D1FFC70DF00E2887A /* AppDelegate.swift in Sources */,
				954A47821FFC70DF00E2887A /* MasterViewController.swift in Sources */,
				954A47841FFC70DF00E2887A /* DetailViewController.swift in Sources */,
			);
			runOnlyForDeploymentPostprocessing = 0;
		};
/* End PBXSourcesBuildPhase section */

/* Begin PBXVariantGroup section */
		954A47851FFC70DF00E2887A /* Main.storyboard */ = {
			isa = PBXVariantGroup;
			children = (
				954A47861FFC70DF00E2887A /* Base */,
			);
			name = Main.storyboard;
			sourceTree = "<group>";
		};
		954A478A1FFC70DF00E2887A /* LaunchScreen.storyboard */ = {
			isa = PBXVariantGroup;
			children = (
				954A478B1FFC70DF00E2887A /* Base */,
			);
			name = LaunchScreen.storyboard;
			sourceTree = "<group>";
		};
/* End PBXVariantGroup section */

/* Begin XCBuildConfiguration section */
		954A478E1FFC70DF00E2887A /* Debug */ = {
			isa = XCBuildConfiguration;
			buildSettings = {
				ALWAYS_SEARCH_USER_PATHS = NO;
				CLANG_ANALYZER_NONNULL = YES;
				CLANG_ANALYZER_NUMBER_OBJECT_CONVERSION = YES_AGGRESSIVE;
				CLANG_CXX_LANGUAGE_STANDARD = "gnu++14";
				CLANG_CXX_LIBRARY = "libc++";
				CLANG_ENABLE_MODULES = YES;
				CLANG_ENABLE_OBJC_ARC = YES;
				CLANG_WARN_BLOCK_CAPTURE_AUTORELEASING = YES;
				CLANG_WARN_BOOL_CONVERSION = YES;
				CLANG_WARN_COMMA = YES;
				CLANG_WARN_CONSTANT_CONVERSION = YES;
				CLANG_WARN_DIRECT_OBJC_ISA_USAGE = YES_ERROR;
				CLANG_WARN_DOCUMENTATION_COMMENTS = YES;
				CLANG_WARN_EMPTY_BODY = YES;
				CLANG_WARN_ENUM_CONVERSION = YES;
				CLANG_WARN_INFINITE_RECURSION = YES;
				CLANG_WARN_INT_CONVERSION = YES;
				CLANG_WARN_NON_LITERAL_NULL_CONVERSION = YES;
				CLANG_WARN_OBJC_LITERAL_CONVERSION = YES;
				CLANG_WARN_OBJC_ROOT_CLASS = YES_ERROR;
				CLANG_WARN_RANGE_LOOP_ANALYSIS = YES;
				CLANG_WARN_STRICT_PROTOTYPES = YES;
				CLANG_WARN_SUSPICIOUS_MOVE = YES;
				CLANG_WARN_UNGUARDED_AVAILABILITY = YES_AGGRESSIVE;
				CLANG_WARN_UNREACHABLE_CODE = YES;
				CLANG_WARN__DUPLICATE_METHOD_MATCH = YES;
				CODE_SIGN_IDENTITY = "iPhone Developer";
				COPY_PHASE_STRIP = NO;
				DEBUG_INFORMATION_FORMAT = dwarf;
				ENABLE_STRICT_OBJC_MSGSEND = YES;
				ENABLE_TESTABILITY = YES;
				GCC_C_LANGUAGE_STANDARD = gnu11;
				GCC_DYNAMIC_NO_PIC = NO;
				GCC_NO_COMMON_BLOCKS = YES;
				GCC_OPTIMIZATION_LEVEL = 0;
				GCC_PREPROCESSOR_DEFINITIONS = (
					"DEBUG=1",
					"$(inherited)",
				);
				GCC_WARN_64_TO_32_BIT_CONVERSION = YES;
				GCC_WARN_ABOUT_RETURN_TYPE = YES_ERROR;
				GCC_WARN_UNDECLARED_SELECTOR = YES;
				GCC_WARN_UNINITIALIZED_AUTOS = YES_AGGRESSIVE;
				GCC_WARN_UNUSED_FUNCTION = YES;
				GCC_WARN_UNUSED_VARIABLE = YES;
				IPHONEOS_DEPLOYMENT_TARGET = 11.1;
				MTL_ENABLE_DEBUG_INFO = YES;
				ONLY_ACTIVE_ARCH = YES;
				SDKROOT = iphoneos;
				SWIFT_ACTIVE_COMPILATION_CONDITIONS = DEBUG;
				SWIFT_OPTIMIZATION_LEVEL = "-Onone";
			};
			name = Debug;
		};
		954A478F1FFC70DF00E2887A /* Release */ = {
			isa = XCBuildConfiguration;
			buildSettings = {
				ALWAYS_SEARCH_USER_PATHS = NO;
				CLANG_ANALYZER_NONNULL = YES;
				CLANG_ANALYZER_NUMBER_OBJECT_CONVERSION = YES_AGGRESSIVE;
				CLANG_CXX_LANGUAGE_STANDARD = "gnu++14";
				CLANG_CXX_LIBRARY = "libc++";
				CLANG_ENABLE_MODULES = YES;
				CLANG_ENABLE_OBJC_ARC = YES;
				CLANG_WARN_BLOCK_CAPTURE_AUTORELEASING = YES;
				CLANG_WARN_BOOL_CONVERSION = YES;
				CLANG_WARN_COMMA = YES;
				CLANG_WARN_CONSTANT_CONVERSION = YES;
				CLANG_WARN_DIRECT_OBJC_ISA_USAGE = YES_ERROR;
				CLANG_WARN_DOCUMENTATION_COMMENTS = YES;
				CLANG_WARN_EMPTY_BODY = YES;
				CLANG_WARN_ENUM_CONVERSION = YES;
				CLANG_WARN_INFINITE_RECURSION = YES;
				CLANG_WARN_INT_CONVERSION = YES;
				CLANG_WARN_NON_LITERAL_NULL_CONVERSION = YES;
				CLANG_WARN_OBJC_LITERAL_CONVERSION = YES;
				CLANG_WARN_OBJC_ROOT_CLASS = YES_ERROR;
				CLANG_WARN_RANGE_LOOP_ANALYSIS = YES;
				CLANG_WARN_STRICT_PROTOTYPES = YES;
				CLANG_WARN_SUSPICIOUS_MOVE = YES;
				CLANG_WARN_UNGUARDED_AVAILABILITY = YES_AGGRESSIVE;
				CLANG_WARN_UNREACHABLE_CODE = YES;
				CLANG_WARN__DUPLICATE_METHOD_MATCH = YES;
				CODE_SIGN_IDENTITY = "iPhone Developer";
				COPY_PHASE_STRIP = NO;
				DEBUG_INFORMATION_FORMAT = "dwarf-with-dsym";
				ENABLE_NS_ASSERTIONS = NO;
				ENABLE_STRICT_OBJC_MSGSEND = YES;
				GCC_C_LANGUAGE_STANDARD = gnu11;
				GCC_NO_COMMON_BLOCKS = YES;
				GCC_WARN_64_TO_32_BIT_CONVERSION = YES;
				GCC_WARN_ABOUT_RETURN_TYPE = YES_ERROR;
				GCC_WARN_UNDECLARED_SELECTOR = YES;
				GCC_WARN_UNINITIALIZED_AUTOS = YES_AGGRESSIVE;
				GCC_WARN_UNUSED_FUNCTION = YES;
				GCC_WARN_UNUSED_VARIABLE = YES;
				IPHONEOS_DEPLOYMENT_TARGET = 11.1;
				MTL_ENABLE_DEBUG_INFO = NO;
				SDKROOT = iphoneos;
				SWIFT_OPTIMIZATION_LEVEL = "-Owholemodule";
				VALIDATE_PRODUCT = YES;
			};
			name = Release;
		};
		954A47911FFC70DF00E2887A /* Debug */ = {
			isa = XCBuildConfiguration;
			buildSettings = {
				ASSETCATALOG_COMPILER_APPICON_NAME = AppIcon;
				CODE_SIGN_STYLE = Automatic;
				INFOPLIST_FILE = "Blog-Reader/Info.plist";
				LD_RUNPATH_SEARCH_PATHS = "$(inherited) @executable_path/Frameworks";
				PRODUCT_BUNDLE_IDENTIFIER = "com.tone-sdevelopment.Blog-Reader";
				PRODUCT_NAME = "$(TARGET_NAME)";
				SWIFT_VERSION = 4.0;
				TARGETED_DEVICE_FAMILY = "1,2";
			};
			name = Debug;
		};
		954A47921FFC70DF00E2887A /* Release */ = {
			isa = XCBuildConfiguration;
			buildSettings = {
				ASSETCATALOG_COMPILER_APPICON_NAME = AppIcon;
				CODE_SIGN_STYLE = Automatic;
				INFOPLIST_FILE = "Blog-Reader/Info.plist";
				LD_RUNPATH_SEARCH_PATHS = "$(inherited) @executable_path/Frameworks";
				PRODUCT_BUNDLE_IDENTIFIER = "com.tone-sdevelopment.Blog-Reader";
				PRODUCT_NAME = "$(TARGET_NAME)";
				SWIFT_VERSION = 4.0;
				TARGETED_DEVICE_FAMILY = "1,2";
			};
			name = Release;
		};
/* End XCBuildConfiguration section */

/* Begin XCConfigurationList section */
		954A47741FFC70DF00E2887A /* Build configuration list for PBXProject "Blog-Reader" */ = {
			isa = XCConfigurationList;
			buildConfigurations = (
				954A478E1FFC70DF00E2887A /* Debug */,
				954A478F1FFC70DF00E2887A /* Release */,
			);
			defaultConfigurationIsVisible = 0;
			defaultConfigurationName = Release;
		};
		954A47901FFC70DF00E2887A /* Build configuration list for PBXNativeTarget "Blog-Reader" */ = {
			isa = XCConfigurationList;
			buildConfigurations = (
				954A47911FFC70DF00E2887A /* Debug */,
				954A47921FFC70DF00E2887A /* Release */,
			);
			defaultConfigurationIsVisible = 0;
			defaultConfigurationName = Release;
		};
/* End XCConfigurationList section */

/* Begin XCVersionGroup section */
		954A477E1FFC70DF00E2887A /* Blog_Reader.xcdatamodeld */ = {
			isa = XCVersionGroup;
			children = (
				954A477F1FFC70DF00E2887A /* Blog_Reader.xcdatamodel */,
			);
			currentVersion = 954A477F1FFC70DF00E2887A /* Blog_Reader.xcdatamodel */;
			path = Blog_Reader.xcdatamodeld;
			sourceTree = "<group>";
			versionGroupType = wrapper.xcdatamodel;
		};
/* End XCVersionGroup section */
	};
	rootObject = 954A47711FFC70DF00E2887A /* Project object */;
}
